
Microsoft Visual Studio Solution File, Format Version 12.00
# Visual Studio 15
VisualStudioVersion = 15.0.27130.2036
MinimumVisualStudioVersion = 10.0.40219.1
Project("{FAE04EC0-301F-11D3-BF4B-00C04F79EFBC}") = "Despair", "Despair\Despair.csproj", "{04D6937F-C026-4711-8434-17475BEAA253}"
EndProject
Global
	GlobalSection(SolutionConfigurationPlatforms) = preSolution
		Debug|Any CPU = Debug|Any CPU
		Release|Any CPU = Release|Any CPU
	EndGlobalSection
	GlobalSection(ProjectConfigurationPlatforms) = postSolution
		{04D6937F-C026-4711-8434-17475BEAA253}.Debug|Any CPU.ActiveCfg = Debug|Any CPU
		{04D6937F-C026-4711-8434-17475BEAA253}.Debug|Any CPU.Build.0 = Debug|Any CPU
		{04D6937F-C026-4711-8434-17475BEAA253}.Release|Any CPU.ActiveCfg = Release|Any CPU
		{04D6937F-C026-4711-8434-17475BEAA253}.Release|Any CPU.Build.0 = Release|Any CPU
	EndGlobalSection
	GlobalSection(SolutionProperties) = preSolution
		HideSolutionNode = FALSE
	EndGlobalSection
	GlobalSection(ExtensibilityGlobals) = postSolution
		SolutionGuid = {D12B911F-A2B5-4DB8-9642-6255EA2C1A79}
	EndGlobalSection
EndGlobal
